Microsoft Visual Studio Solution File, Format Version 12.00
# Visual Studio Version 17
VisualStudioVersion = 17.5.2.0
MinimumVisualStudioVersion = 10.0.40219.1
Project("{FAE04EC0-301F-11D3-BF4B-00C04F79EFBC}") = "TicTacToa", "TicTacToa.csproj", "{6423325B-FBB7-E00C-B96A-9D315E7CD1F8}"
EndProject
Global
	GlobalSection(SolutionConfigurationPlatforms) = preSolution
		Debug|Any CPU = Debug|Any CPU
		Release|Any CPU = Release|Any CPU
	EndGlobalSection
	GlobalSection(ProjectConfigurationPlatforms) = postSolution
		{6423325B-FBB7-E00C-B96A-9D315E7CD1F8}.Debug|Any CPU.ActiveCfg = Debug|Any CPU
		{6423325B-FBB7-E00C-B96A-9D315E7CD1F8}.Debug|Any CPU.Build.0 = Debug|Any CPU
		{6423325B-FBB7-E00C-B96A-9D315E7CD1F8}.Release|Any CPU.ActiveCfg = Release|Any CPU
		{6423325B-FBB7-E00C-B96A-9D315E7CD1F8}.Release|Any CPU.Build.0 = Release|Any CPU
	EndGlobalSection
	GlobalSection(SolutionProperties) = preSolution
		HideSolutionNode = FALSE
	EndGlobalSection
	GlobalSection(ExtensibilityGlobals) = postSolution
		SolutionGuid = {2A153974-9AE8-4439-B2A7-9BEF98B78C7E}
	EndGlobalSection
EndGlobal
